
Microsoft Visual Studio Solution File, Format Version 12.00
# Visual Studio Version 17
VisualStudioVersion = 17.5.33530.505
MinimumVisualStudioVersion = 10.0.40219.1
Project("{FAE04EC0-301F-11D3-BF4B-00C04F79EFBC}") = "API_SistemaDeAtividades", "API_SistemaDeAtividades\API_SistemaDeAtividades.csproj", "{473BADA7-7079-4224-B277-790859CE7131}"
EndProject
Global
	GlobalSection(SolutionConfigurationPlatforms) = preSolution
		Debug|Any CPU = Debug|Any CPU
		Release|Any CPU = Release|Any CPU
	EndGlobalSection
	GlobalSection(ProjectConfigurationPlatforms) = postSolution
		{473BADA7-7079-4224-B277-790859CE7131}.Debug|Any CPU.ActiveCfg = Debug|Any CPU
		{473BADA7-7079-4224-B277-790859CE7131}.Debug|Any CPU.Build.0 = Debug|Any CPU
		{473BADA7-7079-4224-B277-790859CE7131}.Release|Any CPU.ActiveCfg = Release|Any CPU
		{473BADA7-7079-4224-B277-790859CE7131}.Release|Any CPU.Build.0 = Release|Any CPU
	EndGlobalSection
	GlobalSection(SolutionProperties) = preSolution
		HideSolutionNode = FALSE
	EndGlobalSection
	GlobalSection(ExtensibilityGlobals) = postSolution
		SolutionGuid = {5BE5FD13-E5BF-4DD5-8F78-D33ACADB8691}
	EndGlobalSection
EndGlobal
